
Microsoft Visual Studio Solution File, Format Version 12.00
# Visual Studio Version 16
VisualStudioVersion = 16.0.31424.327
MinimumVisualStudioVersion = 10.0.40219.1
Project("{FAE04EC0-301F-11D3-BF4B-00C04F79EFBC}") = "WSCAD.Coordinates", "WSCAD.Coordinates\WSCAD.Coordinates.csproj", "{1B3419C6-1AD6-478C-B657-76349206A74B}"
EndProject
Global
	GlobalSection(SolutionConfigurationPlatforms) = preSolution
		Debug|Any CPU = Debug|Any CPU
		Release|Any CPU = Release|Any CPU
	EndGlobalSection
	GlobalSection(ProjectConfigurationPlatforms) = postSolution
		{1B3419C6-1AD6-478C-B657-76349206A74B}.Debug|Any CPU.ActiveCfg = Debug|Any CPU
		{1B3419C6-1AD6-478C-B657-76349206A74B}.Debug|Any CPU.Build.0 = Debug|Any CPU
		{1B3419C6-1AD6-478C-B657-76349206A74B}.Release|Any CPU.ActiveCfg = Release|Any CPU
		{1B3419C6-1AD6-478C-B657-76349206A74B}.Release|Any CPU.Build.0 = Release|Any CPU
	EndGlobalSection
	GlobalSection(SolutionProperties) = preSolution
		HideSolutionNode = FALSE
	EndGlobalSection
	GlobalSection(ExtensibilityGlobals) = postSolution
		SolutionGuid = {B3D298DB-DD35-4E4C-86DB-03270C1BF9B9}
	EndGlobalSection
EndGlobal
